{"filter":false,"title":"Gemfile.lock","tooltip":"/Gemfile.lock","undoManager":{"mark":-1,"position":-1,"stack":[]},"ace":{"folds":[],"scrolltop":1983.5,"scrollleft":0,"selection":{"start":{"row":155,"column":2},"end":{"row":155,"column":6},"isBackwards":false},"options":{"guessTabSize":true,"useWrapMode":false,"wrapToView":true},"firstLineState":{"row":140,"state":"start","mode":"ace/mode/text"}},"timestamp":1562897117855,"hash":"36d4ef015bacd2b24bb8b3a516d3eb269cbe6732"}